
Microsoft Visual Studio Solution File, Format Version 12.00
# Visual Studio 14
VisualStudioVersion = 14.0.25420.1
MinimumVisualStudioVersion = 10.0.40219.1
Project("{FAE04EC0-301F-11D3-BF4B-00C04F79EFBC}") = "WPF Exercise 4", "WPF Exercise 4\WPF Exercise 4.csproj", "{DE7D9E0D-F708-43DE-83B9-7D87CBA1834D}"
EndProject
Global
	GlobalSection(SolutionConfigurationPlatforms) = preSolution
		Debug|Any CPU = Debug|Any CPU
		Release|Any CPU = Release|Any CPU
	EndGlobalSection
	GlobalSection(ProjectConfigurationPlatforms) = postSolution
		{DE7D9E0D-F708-43DE-83B9-7D87CBA1834D}.Debug|Any CPU.ActiveCfg = Debug|Any CPU
		{DE7D9E0D-F708-43DE-83B9-7D87CBA1834D}.Debug|Any CPU.Build.0 = Debug|Any CPU
		{DE7D9E0D-F708-43DE-83B9-7D87CBA1834D}.Release|Any CPU.ActiveCfg = Release|Any CPU
		{DE7D9E0D-F708-43DE-83B9-7D87CBA1834D}.Release|Any CPU.Build.0 = Release|Any CPU
	EndGlobalSection
	GlobalSection(SolutionProperties) = preSolution
		HideSolutionNode = FALSE
	EndGlobalSection
EndGlobal
