
Microsoft Visual Studio Solution File, Format Version 10.00
# Visual Studio 2008
Project("{FAE04EC0-301F-11D3-BF4B-00C04F79EFBC}") = "LAB12", "LAB12\Lab12.csproj", "{8BDA360D-238D-4F7D-BEF1-0EEFBFA38D1F}"
EndProject
Global
	GlobalSection(SolutionConfigurationPlatforms) = preSolution
		Debug|Any CPU = Debug|Any CPU
		Release|Any CPU = Release|Any CPU
	EndGlobalSection
	GlobalSection(ProjectConfigurationPlatforms) = postSolution
		{8BDA360D-238D-4F7D-BEF1-0EEFBFA38D1F}.Debug|Any CPU.ActiveCfg = Debug|Any CPU
		{8BDA360D-238D-4F7D-BEF1-0EEFBFA38D1F}.Debug|Any CPU.Build.0 = Debug|Any CPU
		{8BDA360D-238D-4F7D-BEF1-0EEFBFA38D1F}.Release|Any CPU.ActiveCfg = Release|Any CPU
		{8BDA360D-238D-4F7D-BEF1-0EEFBFA38D1F}.Release|Any CPU.Build.0 = Release|Any CPU
	EndGlobalSection
	GlobalSection(SolutionProperties) = preSolution
		HideSolutionNode = FALSE
	EndGlobalSection
EndGlobal
